
Microsoft Visual Studio Solution File, Format Version 12.00
# Visual Studio Version 17
VisualStudioVersion = 17.6.33829.357
MinimumVisualStudioVersion = 10.0.40219.1
Project("{2150E333-8FDC-42A3-9474-1A3956D46DE8}") = "src", "src", "{E0611395-A01A-4948-9C2F-B5D18F082841}"
EndProject
Project("{2150E333-8FDC-42A3-9474-1A3956D46DE8}") = "demoProjects", "demoProjects", "{E65BE1B8-6D73-40BE-845E-6C1DE393EEBC}"
EndProject
Project("{2150E333-8FDC-42A3-9474-1A3956D46DE8}") = "RentACar", "RentACar", "{3278A720-6405-4446-8931-28856BDDFEC6}"
EndProject
Project("{FAE04EC0-301F-11D3-BF4B-00C04F79EFBC}") = "Application", "src\demoProjects\rentACar\Application\Application.csproj", "{1C0336E3-6F67-48B9-9B08-183E060A5253}"
EndProject
Project("{FAE04EC0-301F-11D3-BF4B-00C04F79EFBC}") = "Infrastructure", "src\demoProjects\rentACar\Infrastructure\Infrastructure.csproj", "{278B787E-7DA4-4CE6-9BCD-DDE6630E73B0}"
EndProject
Project("{FAE04EC0-301F-11D3-BF4B-00C04F79EFBC}") = "Persistence", "src\demoProjects\rentACar\Persistence\Persistence.csproj", "{F3F44A45-1CBE-412D-9A39-E99A19928305}"
EndProject
Project("{FAE04EC0-301F-11D3-BF4B-00C04F79EFBC}") = "Domain", "src\demoProjects\rentACar\Domain\Domain.csproj", "{276C732B-4BC1-4BB6-8707-505960965123}"
EndProject
Project("{FAE04EC0-301F-11D3-BF4B-00C04F79EFBC}") = "WebAPI", "src\demoProjects\rentACar\WebAPI\WebAPI.csproj", "{D2E390EE-301B-4C1F-8308-AD57778E8EC0}"
EndProject
Project("{2150E333-8FDC-42A3-9474-1A3956D46DE8}") = "corePackages", "corePackages", "{F1854026-CF34-40AB-94C1-74308A57F67E}"
EndProject
Project("{9A19103F-16F7-4668-BE54-9A1E7A4F7556}") = "Core.Application", "..\İleriProjeKampı\src\corePackages\Core.Application\Core.Application.csproj", "{C62AC6A2-DE50-4FA7-9A2E-2E1E123E3408}"
EndProject
Project("{9A19103F-16F7-4668-BE54-9A1E7A4F7556}") = "Core.CrossCuttingConcerns", "..\İleriProjeKampı\src\corePackages\Core.CrossCuttingConcers\Core.CrossCuttingConcerns.csproj", "{8F1CDE8E-AEEC-4627-BBBC-6D2AC0BAF0B0}"
EndProject
Project("{9A19103F-16F7-4668-BE54-9A1E7A4F7556}") = "Core.ElasticSearch", "..\İleriProjeKampı\src\corePackages\Core.ElasticSearch\Core.ElasticSearch.csproj", "{6BBF9259-9622-4ADD-8188-70B68F426723}"
EndProject
Project("{9A19103F-16F7-4668-BE54-9A1E7A4F7556}") = "Core.Mailing", "..\İleriProjeKampı\src\corePackages\Core.Mailing\Core.Mailing.csproj", "{939DC8CD-53B7-4AD2-A4D5-55FD76C30A8B}"
EndProject
Project("{9A19103F-16F7-4668-BE54-9A1E7A4F7556}") = "Core.Persistence", "..\İleriProjeKampı\src\corePackages\Core.Persistence\Core.Persistence.csproj", "{2E28E492-3CDC-46FA-A37C-81F7B94B8857}"
EndProject
Project("{9A19103F-16F7-4668-BE54-9A1E7A4F7556}") = "Core.Security", "..\İleriProjeKampı\src\corePackages\Core.Security\Core.Security.csproj", "{C38A8213-6F47-449D-A29A-40298001642A}"
EndProject
Global
	GlobalSection(SolutionConfigurationPlatforms) = preSolution
		Debug|Any CPU = Debug|Any CPU
		Release|Any CPU = Release|Any CPU
	EndGlobalSection
	GlobalSection(ProjectConfigurationPlatforms) = postSolution
		{1C0336E3-6F67-48B9-9B08-183E060A5253}.Debug|Any CPU.ActiveCfg = Debug|Any CPU
		{1C0336E3-6F67-48B9-9B08-183E060A5253}.Debug|Any CPU.Build.0 = Debug|Any CPU
		{1C0336E3-6F67-48B9-9B08-183E060A5253}.Release|Any CPU.ActiveCfg = Release|Any CPU
		{1C0336E3-6F67-48B9-9B08-183E060A5253}.Release|Any CPU.Build.0 = Release|Any CPU
		{278B787E-7DA4-4CE6-9BCD-DDE6630E73B0}.Debug|Any CPU.ActiveCfg = Debug|Any CPU
		{278B787E-7DA4-4CE6-9BCD-DDE6630E73B0}.Debug|Any CPU.Build.0 = Debug|Any CPU
		{278B787E-7DA4-4CE6-9BCD-DDE6630E73B0}.Release|Any CPU.ActiveCfg = Release|Any CPU
		{278B787E-7DA4-4CE6-9BCD-DDE6630E73B0}.Release|Any CPU.Build.0 = Release|Any CPU
		{F3F44A45-1CBE-412D-9A39-E99A19928305}.Debug|Any CPU.ActiveCfg = Debug|Any CPU
		{F3F44A45-1CBE-412D-9A39-E99A19928305}.Debug|Any CPU.Build.0 = Debug|Any CPU
		{F3F44A45-1CBE-412D-9A39-E99A19928305}.Release|Any CPU.ActiveCfg = Release|Any CPU
		{F3F44A45-1CBE-412D-9A39-E99A19928305}.Release|Any CPU.Build.0 = Release|Any CPU
		{276C732B-4BC1-4BB6-8707-505960965123}.Debug|Any CPU.ActiveCfg = Debug|Any CPU
		{276C732B-4BC1-4BB6-8707-505960965123}.Debug|Any CPU.Build.0 = Debug|Any CPU
		{276C732B-4BC1-4BB6-8707-505960965123}.Release|Any CPU.ActiveCfg = Release|Any CPU
		{276C732B-4BC1-4BB6-8707-505960965123}.Release|Any CPU.Build.0 = Release|Any CPU
		{D2E390EE-301B-4C1F-8308-AD57778E8EC0}.Debug|Any CPU.ActiveCfg = Debug|Any CPU
		{D2E390EE-301B-4C1F-8308-AD57778E8EC0}.Debug|Any CPU.Build.0 = Debug|Any CPU
		{D2E390EE-301B-4C1F-8308-AD57778E8EC0}.Release|Any CPU.ActiveCfg = Release|Any CPU
		{D2E390EE-301B-4C1F-8308-AD57778E8EC0}.Release|Any CPU.Build.0 = Release|Any CPU
		{C62AC6A2-DE50-4FA7-9A2E-2E1E123E3408}.Debug|Any CPU.ActiveCfg = Debug|Any CPU
		{C62AC6A2-DE50-4FA7-9A2E-2E1E123E3408}.Debug|Any CPU.Build.0 = Debug|Any CPU
		{C62AC6A2-DE50-4FA7-9A2E-2E1E123E3408}.Release|Any CPU.ActiveCfg = Release|Any CPU
		{C62AC6A2-DE50-4FA7-9A2E-2E1E123E3408}.Release|Any CPU.Build.0 = Release|Any CPU
		{8F1CDE8E-AEEC-4627-BBBC-6D2AC0BAF0B0}.Debug|Any CPU.ActiveCfg = Debug|Any CPU
		{8F1CDE8E-AEEC-4627-BBBC-6D2AC0BAF0B0}.Debug|Any CPU.Build.0 = Debug|Any CPU
		{8F1CDE8E-AEEC-4627-BBBC-6D2AC0BAF0B0}.Release|Any CPU.ActiveCfg = Release|Any CPU
		{8F1CDE8E-AEEC-4627-BBBC-6D2AC0BAF0B0}.Release|Any CPU.Build.0 = Release|Any CPU
		{6BBF9259-9622-4ADD-8188-70B68F426723}.Debug|Any CPU.ActiveCfg = Debug|Any CPU
		{6BBF9259-9622-4ADD-8188-70B68F426723}.Debug|Any CPU.Build.0 = Debug|Any CPU
		{6BBF9259-9622-4ADD-8188-70B68F426723}.Release|Any CPU.ActiveCfg = Release|Any CPU
		{6BBF9259-9622-4ADD-8188-70B68F426723}.Release|Any CPU.Build.0 = Release|Any CPU
		{939DC8CD-53B7-4AD2-A4D5-55FD76C30A8B}.Debug|Any CPU.ActiveCfg = Debug|Any CPU
		{939DC8CD-53B7-4AD2-A4D5-55FD76C30A8B}.Debug|Any CPU.Build.0 = Debug|Any CPU
		{939DC8CD-53B7-4AD2-A4D5-55FD76C30A8B}.Release|Any CPU.ActiveCfg = Release|Any CPU
		{939DC8CD-53B7-4AD2-A4D5-55FD76C30A8B}.Release|Any CPU.Build.0 = Release|Any CPU
		{2E28E492-3CDC-46FA-A37C-81F7B94B8857}.Debug|Any CPU.ActiveCfg = Debug|Any CPU
		{2E28E492-3CDC-46FA-A37C-81F7B94B8857}.Debug|Any CPU.Build.0 = Debug|Any CPU
		{2E28E492-3CDC-46FA-A37C-81F7B94B8857}.Release|Any CPU.ActiveCfg = Release|Any CPU
		{2E28E492-3CDC-46FA-A37C-81F7B94B8857}.Release|Any CPU.Build.0 = Release|Any CPU
		{C38A8213-6F47-449D-A29A-40298001642A}.Debug|Any CPU.ActiveCfg = Debug|Any CPU
		{C38A8213-6F47-449D-A29A-40298001642A}.Debug|Any CPU.Build.0 = Debug|Any CPU
		{C38A8213-6F47-449D-A29A-40298001642A}.Release|Any CPU.ActiveCfg = Release|Any CPU
		{C38A8213-6F47-449D-A29A-40298001642A}.Release|Any CPU.Build.0 = Release|Any CPU
	EndGlobalSection
	GlobalSection(SolutionProperties) = preSolution
		HideSolutionNode = FALSE
	EndGlobalSection
	GlobalSection(NestedProjects) = preSolution
		{E65BE1B8-6D73-40BE-845E-6C1DE393EEBC} = {E0611395-A01A-4948-9C2F-B5D18F082841}
		{3278A720-6405-4446-8931-28856BDDFEC6} = {E65BE1B8-6D73-40BE-845E-6C1DE393EEBC}
		{1C0336E3-6F67-48B9-9B08-183E060A5253} = {3278A720-6405-4446-8931-28856BDDFEC6}
		{278B787E-7DA4-4CE6-9BCD-DDE6630E73B0} = {3278A720-6405-4446-8931-28856BDDFEC6}
		{F3F44A45-1CBE-412D-9A39-E99A19928305} = {3278A720-6405-4446-8931-28856BDDFEC6}
		{276C732B-4BC1-4BB6-8707-505960965123} = {3278A720-6405-4446-8931-28856BDDFEC6}
		{D2E390EE-301B-4C1F-8308-AD57778E8EC0} = {3278A720-6405-4446-8931-28856BDDFEC6}
		{F1854026-CF34-40AB-94C1-74308A57F67E} = {E0611395-A01A-4948-9C2F-B5D18F082841}
		{C62AC6A2-DE50-4FA7-9A2E-2E1E123E3408} = {F1854026-CF34-40AB-94C1-74308A57F67E}
		{8F1CDE8E-AEEC-4627-BBBC-6D2AC0BAF0B0} = {F1854026-CF34-40AB-94C1-74308A57F67E}
		{6BBF9259-9622-4ADD-8188-70B68F426723} = {F1854026-CF34-40AB-94C1-74308A57F67E}
		{939DC8CD-53B7-4AD2-A4D5-55FD76C30A8B} = {F1854026-CF34-40AB-94C1-74308A57F67E}
		{2E28E492-3CDC-46FA-A37C-81F7B94B8857} = {F1854026-CF34-40AB-94C1-74308A57F67E}
		{C38A8213-6F47-449D-A29A-40298001642A} = {F1854026-CF34-40AB-94C1-74308A57F67E}
	EndGlobalSection
	GlobalSection(ExtensibilityGlobals) = postSolution
		SolutionGuid = {F8FE1454-6F94-40F3-800A-03B2A952DEDD}
	EndGlobalSection
EndGlobal
